
Microsoft Visual Studio Solution File, Format Version 12.00
# Visual Studio Version 17
VisualStudioVersion = 17.4.32804.182
MinimumVisualStudioVersion = 10.0.40219.1
Project("{9A19103F-16F7-4668-BE54-9A1E7A4F7556}") = "ApacheTech.VintageMods.Knapster", "src\ApacheTech.VintageMods.Knapster\ApacheTech.VintageMods.Knapster.csproj", "{53F285BE-DE0D-4F44-9803-213E4213123B}"
EndProject
Project("{2150E333-8FDC-42A3-9474-1A3956D46DE8}") = "Mod", "Mod", "{8CC940C4-5A09-4485-B6A9-AECD74536CD1}"
EndProject
Project("{2150E333-8FDC-42A3-9474-1A3956D46DE8}") = "Launcher", "Launcher", "{07BA249A-0514-4379-92D3-F00C7FD02B7D}"
EndProject
Project("{2150E333-8FDC-42A3-9474-1A3956D46DE8}") = "Solution Items", "Solution Items", "{BDFAACE3-F8DA-41B6-A344-1132258696B9}"
	ProjectSection(SolutionItems) = preProject
		.gitignore = .gitignore
	EndProjectSection
EndProject
Project("{2150E333-8FDC-42A3-9474-1A3956D46DE8}") = "Documentation", "Documentation", "{820A8428-C23A-489C-A3B7-7FB3C9F57547}"
	ProjectSection(SolutionItems) = preProject
		docs\LICENCE.md = docs\LICENCE.md
		docs\README.md = docs\README.md
	EndProjectSection
EndProject
Project("{FAE04EC0-301F-11D3-BF4B-00C04F79EFBC}") = "ClientLauncher", "..\ApacheTech.VintageMods.DotNetFrameworkLauncher\src\Client\ClientLauncher.csproj", "{EBC0233E-F9F2-4B60-B145-143CD650A63B}"
	ProjectSection(ProjectDependencies) = postProject
		{53F285BE-DE0D-4F44-9803-213E4213123B} = {53F285BE-DE0D-4F44-9803-213E4213123B}
	EndProjectSection
EndProject
Project("{FAE04EC0-301F-11D3-BF4B-00C04F79EFBC}") = "ServerLauncher", "..\ApacheTech.VintageMods.DotNetFrameworkLauncher\src\Server\ServerLauncher.csproj", "{52DEBCC2-2ED0-4B21-8612-7E9CF7E3850D}"
	ProjectSection(ProjectDependencies) = postProject
		{53F285BE-DE0D-4F44-9803-213E4213123B} = {53F285BE-DE0D-4F44-9803-213E4213123B}
	EndProjectSection
EndProject
Project("{FAE04EC0-301F-11D3-BF4B-00C04F79EFBC}") = "CameraAccountClientLauncher", "..\ApacheTech.VintageMods.DotNetFrameworkLauncher\src\CameraAccountClient\CameraAccountClientLauncher.csproj", "{A6C31166-26E6-4860-AD0A-882594C71C2E}"
	ProjectSection(ProjectDependencies) = postProject
		{53F285BE-DE0D-4F44-9803-213E4213123B} = {53F285BE-DE0D-4F44-9803-213E4213123B}
	EndProjectSection
EndProject
Global
	GlobalSection(SolutionConfigurationPlatforms) = preSolution
		Debug|Any CPU = Debug|Any CPU
		Launch Server|Any CPU = Launch Server|Any CPU
		Package|Any CPU = Package|Any CPU
		Release|Any CPU = Release|Any CPU
		Unit Test|Any CPU = Unit Test|Any CPU
	EndGlobalSection
	GlobalSection(ProjectConfigurationPlatforms) = postSolution
		{53F285BE-DE0D-4F44-9803-213E4213123B}.Debug|Any CPU.ActiveCfg = Debug|Any CPU
		{53F285BE-DE0D-4F44-9803-213E4213123B}.Debug|Any CPU.Build.0 = Debug|Any CPU
		{53F285BE-DE0D-4F44-9803-213E4213123B}.Launch Server|Any CPU.ActiveCfg = Debug|Any CPU
		{53F285BE-DE0D-4F44-9803-213E4213123B}.Launch Server|Any CPU.Build.0 = Debug|Any CPU
		{53F285BE-DE0D-4F44-9803-213E4213123B}.Package|Any CPU.ActiveCfg = Package|Any CPU
		{53F285BE-DE0D-4F44-9803-213E4213123B}.Package|Any CPU.Build.0 = Package|Any CPU
		{53F285BE-DE0D-4F44-9803-213E4213123B}.Release|Any CPU.ActiveCfg = Release|Any CPU
		{53F285BE-DE0D-4F44-9803-213E4213123B}.Release|Any CPU.Build.0 = Release|Any CPU
		{53F285BE-DE0D-4F44-9803-213E4213123B}.Unit Test|Any CPU.ActiveCfg = Launch Server|Any CPU
		{53F285BE-DE0D-4F44-9803-213E4213123B}.Unit Test|Any CPU.Build.0 = Launch Server|Any CPU
		{EBC0233E-F9F2-4B60-B145-143CD650A63B}.Debug|Any CPU.ActiveCfg = Debug|Any CPU
		{EBC0233E-F9F2-4B60-B145-143CD650A63B}.Debug|Any CPU.Build.0 = Debug|Any CPU
		{EBC0233E-F9F2-4B60-B145-143CD650A63B}.Launch Server|Any CPU.ActiveCfg = Launch Server|Any CPU
		{EBC0233E-F9F2-4B60-B145-143CD650A63B}.Launch Server|Any CPU.Build.0 = Launch Server|Any CPU
		{EBC0233E-F9F2-4B60-B145-143CD650A63B}.Package|Any CPU.ActiveCfg = Package|Any CPU
		{EBC0233E-F9F2-4B60-B145-143CD650A63B}.Package|Any CPU.Build.0 = Package|Any CPU
		{EBC0233E-F9F2-4B60-B145-143CD650A63B}.Release|Any CPU.ActiveCfg = Release|Any CPU
		{EBC0233E-F9F2-4B60-B145-143CD650A63B}.Release|Any CPU.Build.0 = Release|Any CPU
		{EBC0233E-F9F2-4B60-B145-143CD650A63B}.Unit Test|Any CPU.ActiveCfg = Debug|Any CPU
		{EBC0233E-F9F2-4B60-B145-143CD650A63B}.Unit Test|Any CPU.Build.0 = Debug|Any CPU
		{52DEBCC2-2ED0-4B21-8612-7E9CF7E3850D}.Debug|Any CPU.ActiveCfg = Debug|Any CPU
		{52DEBCC2-2ED0-4B21-8612-7E9CF7E3850D}.Debug|Any CPU.Build.0 = Debug|Any CPU
		{52DEBCC2-2ED0-4B21-8612-7E9CF7E3850D}.Launch Server|Any CPU.ActiveCfg = Launch Server|Any CPU
		{52DEBCC2-2ED0-4B21-8612-7E9CF7E3850D}.Launch Server|Any CPU.Build.0 = Launch Server|Any CPU
		{52DEBCC2-2ED0-4B21-8612-7E9CF7E3850D}.Package|Any CPU.ActiveCfg = Package|Any CPU
		{52DEBCC2-2ED0-4B21-8612-7E9CF7E3850D}.Package|Any CPU.Build.0 = Package|Any CPU
		{52DEBCC2-2ED0-4B21-8612-7E9CF7E3850D}.Release|Any CPU.ActiveCfg = Release|Any CPU
		{52DEBCC2-2ED0-4B21-8612-7E9CF7E3850D}.Release|Any CPU.Build.0 = Release|Any CPU
		{52DEBCC2-2ED0-4B21-8612-7E9CF7E3850D}.Unit Test|Any CPU.ActiveCfg = Debug|Any CPU
		{52DEBCC2-2ED0-4B21-8612-7E9CF7E3850D}.Unit Test|Any CPU.Build.0 = Debug|Any CPU
		{A6C31166-26E6-4860-AD0A-882594C71C2E}.Debug|Any CPU.ActiveCfg = Debug|Any CPU
		{A6C31166-26E6-4860-AD0A-882594C71C2E}.Debug|Any CPU.Build.0 = Debug|Any CPU
		{A6C31166-26E6-4860-AD0A-882594C71C2E}.Launch Server|Any CPU.ActiveCfg = Debug|Any CPU
		{A6C31166-26E6-4860-AD0A-882594C71C2E}.Launch Server|Any CPU.Build.0 = Debug|Any CPU
		{A6C31166-26E6-4860-AD0A-882594C71C2E}.Package|Any CPU.ActiveCfg = Package|Any CPU
		{A6C31166-26E6-4860-AD0A-882594C71C2E}.Package|Any CPU.Build.0 = Package|Any CPU
		{A6C31166-26E6-4860-AD0A-882594C71C2E}.Release|Any CPU.ActiveCfg = Release|Any CPU
		{A6C31166-26E6-4860-AD0A-882594C71C2E}.Release|Any CPU.Build.0 = Release|Any CPU
		{A6C31166-26E6-4860-AD0A-882594C71C2E}.Unit Test|Any CPU.ActiveCfg = Debug|Any CPU
		{A6C31166-26E6-4860-AD0A-882594C71C2E}.Unit Test|Any CPU.Build.0 = Debug|Any CPU
	EndGlobalSection
	GlobalSection(SolutionProperties) = preSolution
		HideSolutionNode = FALSE
	EndGlobalSection
	GlobalSection(NestedProjects) = preSolution
		{53F285BE-DE0D-4F44-9803-213E4213123B} = {8CC940C4-5A09-4485-B6A9-AECD74536CD1}
		{EBC0233E-F9F2-4B60-B145-143CD650A63B} = {07BA249A-0514-4379-92D3-F00C7FD02B7D}
		{52DEBCC2-2ED0-4B21-8612-7E9CF7E3850D} = {07BA249A-0514-4379-92D3-F00C7FD02B7D}
		{A6C31166-26E6-4860-AD0A-882594C71C2E} = {07BA249A-0514-4379-92D3-F00C7FD02B7D}
	EndGlobalSection
	GlobalSection(ExtensibilityGlobals) = postSolution
		SolutionGuid = {5575DE22-2C22-4A57-A873-E9E7F7E946DA}
	EndGlobalSection
EndGlobal
