
Microsoft Visual Studio Solution File, Format Version 12.00
# Visual Studio Version 17
VisualStudioVersion = 17.4.32804.182
MinimumVisualStudioVersion = 10.0.40219.1
Project("{9A19103F-16F7-4668-BE54-9A1E7A4F7556}") = "ApacheTech.VintageMods.Knapster", "src\ApacheTech.VintageMods.Knapster\ApacheTech.VintageMods.Knapster.csproj", "{53F285BE-DE0D-4F44-9803-213E4213123B}"
EndProject
Project("{2150E333-8FDC-42A3-9474-1A3956D46DE8}") = "Mod", "Mod", "{8CC940C4-5A09-4485-B6A9-AECD74536CD1}"
EndProject
Project("{2150E333-8FDC-42A3-9474-1A3956D46DE8}") = "Tools", "Tools", "{07BA249A-0514-4379-92D3-F00C7FD02B7D}"
EndProject
Project("{FAE04EC0-301F-11D3-BF4B-00C04F79EFBC}") = "ApacheTech.VintageMods.DotNetFrameworkLauncher", "..\..\..\ApacheTech.VintageMods.DotNetFrameworkLauncher\ApacheTech.VintageMods.DotNetFrameworkLauncher\ApacheTech.VintageMods.DotNetFrameworkLauncher.csproj", "{EBC0233E-F9F2-4B60-B145-143CD650A63B}"
	ProjectSection(ProjectDependencies) = postProject
		{53F285BE-DE0D-4F44-9803-213E4213123B} = {53F285BE-DE0D-4F44-9803-213E4213123B}
	EndProjectSection
EndProject
Project("{2150E333-8FDC-42A3-9474-1A3956D46DE8}") = "Solution Items", "Solution Items", "{BDFAACE3-F8DA-41B6-A344-1132258696B9}"
	ProjectSection(SolutionItems) = preProject
		.gitignore = .gitignore
	EndProjectSection
EndProject
Global
	GlobalSection(SolutionConfigurationPlatforms) = preSolution
		Debug|Any CPU = Debug|Any CPU
		Package|Any CPU = Package|Any CPU
		Release|Any CPU = Release|Any CPU
	EndGlobalSection
	GlobalSection(ProjectConfigurationPlatforms) = postSolution
		{53F285BE-DE0D-4F44-9803-213E4213123B}.Debug|Any CPU.ActiveCfg = Debug|Any CPU
		{53F285BE-DE0D-4F44-9803-213E4213123B}.Debug|Any CPU.Build.0 = Debug|Any CPU
		{53F285BE-DE0D-4F44-9803-213E4213123B}.Package|Any CPU.ActiveCfg = Package|Any CPU
		{53F285BE-DE0D-4F44-9803-213E4213123B}.Package|Any CPU.Build.0 = Package|Any CPU
		{53F285BE-DE0D-4F44-9803-213E4213123B}.Release|Any CPU.ActiveCfg = Release|Any CPU
		{53F285BE-DE0D-4F44-9803-213E4213123B}.Release|Any CPU.Build.0 = Release|Any CPU
		{EBC0233E-F9F2-4B60-B145-143CD650A63B}.Debug|Any CPU.ActiveCfg = Debug|Any CPU
		{EBC0233E-F9F2-4B60-B145-143CD650A63B}.Debug|Any CPU.Build.0 = Debug|Any CPU
		{EBC0233E-F9F2-4B60-B145-143CD650A63B}.Package|Any CPU.ActiveCfg = Package|Any CPU
		{EBC0233E-F9F2-4B60-B145-143CD650A63B}.Package|Any CPU.Build.0 = Package|Any CPU
		{EBC0233E-F9F2-4B60-B145-143CD650A63B}.Release|Any CPU.ActiveCfg = Release|Any CPU
		{EBC0233E-F9F2-4B60-B145-143CD650A63B}.Release|Any CPU.Build.0 = Release|Any CPU
	EndGlobalSection
	GlobalSection(SolutionProperties) = preSolution
		HideSolutionNode = FALSE
	EndGlobalSection
	GlobalSection(NestedProjects) = preSolution
		{53F285BE-DE0D-4F44-9803-213E4213123B} = {8CC940C4-5A09-4485-B6A9-AECD74536CD1}
		{EBC0233E-F9F2-4B60-B145-143CD650A63B} = {07BA249A-0514-4379-92D3-F00C7FD02B7D}
	EndGlobalSection
	GlobalSection(ExtensibilityGlobals) = postSolution
		SolutionGuid = {5575DE22-2C22-4A57-A873-E9E7F7E946DA}
	EndGlobalSection
EndGlobal
